
Microsoft Visual Studio Solution File, Format Version 12.00
Project("{FAE04EC0-301F-11D3-BF4B-00C04F79EFBC}") = "DesignAStack", "DesignAStack\DesignAStack.csproj", "{DAE3FF00-8985-454D-804A-F8485A7459A0}"
EndProject
Project("{2150E333-8FDC-42A3-9474-1A3956D46DE8}") = "Examples", "Examples", "{6AD3F1DA-F5B0-46A8-B0C5-41682CC93673}"
EndProject
Project("{FAE04EC0-301F-11D3-BF4B-00C04F79EFBC}") = "MethodOverriding", "MethodOverriding\MethodOverriding.csproj", "{F315E659-9A3C-45B2-8D88-F2288BD2CA8A}"
EndProject
Project("{2150E333-8FDC-42A3-9474-1A3956D46DE8}") = "Exercises", "Exercises", "{E61B85C1-5721-4F92-8408-15B33DED3911}"
EndProject
Project("{FAE04EC0-301F-11D3-BF4B-00C04F79EFBC}") = "DesignADatabaseConnection", "DesignADatabaseConnection\DesignADatabaseConnection.csproj", "{6A74D127-48BD-4E53-8134-99C09246E5FF}"
EndProject
Project("{FAE04EC0-301F-11D3-BF4B-00C04F79EFBC}") = "DesignADatabaseCommand", "DesignADatabaseCommand\DesignADatabaseCommand.csproj", "{78A08890-300D-4B0F-B58B-4913AE3CB7AA}"
EndProject
Project("{FAE04EC0-301F-11D3-BF4B-00C04F79EFBC}") = "PolymorphismWithInterfaces", "PolymorphismWithInterfaces\PolymorphismWithInterfaces.csproj", "{DDFF330B-13CF-4CE1-96C2-1DF2851837D2}"
EndProject
Project("{FAE04EC0-301F-11D3-BF4B-00C04F79EFBC}") = "DesignAWorkflowEngine", "DesignAWorkflowEngine\DesignAWorkflowEngine.csproj", "{AF8045C6-2290-4944-909B-2421C8620085}"
EndProject
Project("{2150E333-8FDC-42A3-9474-1A3956D46DE8}") = "CSharpIntermediate ", "CSharpIntermediate ", "{415C9A50-C728-46BF-BAA2-168766BD5A4F}"
EndProject
Project("{2150E333-8FDC-42A3-9474-1A3956D46DE8}") = "CSharpAdvanced", "CSharpAdvanced", "{3EB78D12-E84E-454B-A22F-FAAEA73B8041}"
EndProject
Project("{2150E333-8FDC-42A3-9474-1A3956D46DE8}") = "Examples", "Examples", "{E5BCCEA9-44C7-417A-AAF4-2B2C4F2DD62D}"
EndProject
Project("{FAE04EC0-301F-11D3-BF4B-00C04F79EFBC}") = "Delegates", "Delegates\Delegates.csproj", "{A3254981-E43E-41F8-97B5-B5B3FA2332ED}"
EndProject
Project("{FAE04EC0-301F-11D3-BF4B-00C04F79EFBC}") = "Lambda", "Lambda\Lambda.csproj", "{C18C3757-9691-41AA-B00C-F3031F22A864}"
EndProject
Project("{FAE04EC0-301F-11D3-BF4B-00C04F79EFBC}") = "tmp", "tmp\tmp.csproj", "{3CD0B089-6603-4837-8990-6473F3936D8E}"
EndProject
Project("{FAE04EC0-301F-11D3-BF4B-00C04F79EFBC}") = "Events", "Events\Events.csproj", "{7F5203FF-B183-481F-B007-164422E178D2}"
EndProject
Project("{FAE04EC0-301F-11D3-BF4B-00C04F79EFBC}") = "MethodExtensions", "MethodExtensions\MethodExtensions.csproj", "{15EFBDBD-E344-4F64-8F06-BE65CF42BFC5}"
EndProject
Global
	GlobalSection(SolutionConfigurationPlatforms) = preSolution
		Debug|Any CPU = Debug|Any CPU
		Release|Any CPU = Release|Any CPU
	EndGlobalSection
	GlobalSection(ProjectConfigurationPlatforms) = postSolution
		{DAE3FF00-8985-454D-804A-F8485A7459A0}.Debug|Any CPU.ActiveCfg = Debug|Any CPU
		{DAE3FF00-8985-454D-804A-F8485A7459A0}.Debug|Any CPU.Build.0 = Debug|Any CPU
		{DAE3FF00-8985-454D-804A-F8485A7459A0}.Release|Any CPU.ActiveCfg = Release|Any CPU
		{DAE3FF00-8985-454D-804A-F8485A7459A0}.Release|Any CPU.Build.0 = Release|Any CPU
		{F315E659-9A3C-45B2-8D88-F2288BD2CA8A}.Debug|Any CPU.ActiveCfg = Debug|Any CPU
		{F315E659-9A3C-45B2-8D88-F2288BD2CA8A}.Debug|Any CPU.Build.0 = Debug|Any CPU
		{F315E659-9A3C-45B2-8D88-F2288BD2CA8A}.Release|Any CPU.ActiveCfg = Release|Any CPU
		{F315E659-9A3C-45B2-8D88-F2288BD2CA8A}.Release|Any CPU.Build.0 = Release|Any CPU
		{6A74D127-48BD-4E53-8134-99C09246E5FF}.Debug|Any CPU.ActiveCfg = Debug|Any CPU
		{6A74D127-48BD-4E53-8134-99C09246E5FF}.Debug|Any CPU.Build.0 = Debug|Any CPU
		{6A74D127-48BD-4E53-8134-99C09246E5FF}.Release|Any CPU.ActiveCfg = Release|Any CPU
		{6A74D127-48BD-4E53-8134-99C09246E5FF}.Release|Any CPU.Build.0 = Release|Any CPU
		{78A08890-300D-4B0F-B58B-4913AE3CB7AA}.Debug|Any CPU.ActiveCfg = Debug|Any CPU
		{78A08890-300D-4B0F-B58B-4913AE3CB7AA}.Debug|Any CPU.Build.0 = Debug|Any CPU
		{78A08890-300D-4B0F-B58B-4913AE3CB7AA}.Release|Any CPU.ActiveCfg = Release|Any CPU
		{78A08890-300D-4B0F-B58B-4913AE3CB7AA}.Release|Any CPU.Build.0 = Release|Any CPU
		{DDFF330B-13CF-4CE1-96C2-1DF2851837D2}.Debug|Any CPU.ActiveCfg = Debug|Any CPU
		{DDFF330B-13CF-4CE1-96C2-1DF2851837D2}.Debug|Any CPU.Build.0 = Debug|Any CPU
		{DDFF330B-13CF-4CE1-96C2-1DF2851837D2}.Release|Any CPU.ActiveCfg = Release|Any CPU
		{DDFF330B-13CF-4CE1-96C2-1DF2851837D2}.Release|Any CPU.Build.0 = Release|Any CPU
		{AF8045C6-2290-4944-909B-2421C8620085}.Debug|Any CPU.ActiveCfg = Debug|Any CPU
		{AF8045C6-2290-4944-909B-2421C8620085}.Debug|Any CPU.Build.0 = Debug|Any CPU
		{AF8045C6-2290-4944-909B-2421C8620085}.Release|Any CPU.ActiveCfg = Release|Any CPU
		{AF8045C6-2290-4944-909B-2421C8620085}.Release|Any CPU.Build.0 = Release|Any CPU
		{A3254981-E43E-41F8-97B5-B5B3FA2332ED}.Debug|Any CPU.ActiveCfg = Debug|Any CPU
		{A3254981-E43E-41F8-97B5-B5B3FA2332ED}.Debug|Any CPU.Build.0 = Debug|Any CPU
		{A3254981-E43E-41F8-97B5-B5B3FA2332ED}.Release|Any CPU.ActiveCfg = Release|Any CPU
		{A3254981-E43E-41F8-97B5-B5B3FA2332ED}.Release|Any CPU.Build.0 = Release|Any CPU
		{C18C3757-9691-41AA-B00C-F3031F22A864}.Debug|Any CPU.ActiveCfg = Debug|Any CPU
		{C18C3757-9691-41AA-B00C-F3031F22A864}.Debug|Any CPU.Build.0 = Debug|Any CPU
		{C18C3757-9691-41AA-B00C-F3031F22A864}.Release|Any CPU.ActiveCfg = Release|Any CPU
		{C18C3757-9691-41AA-B00C-F3031F22A864}.Release|Any CPU.Build.0 = Release|Any CPU
		{3CD0B089-6603-4837-8990-6473F3936D8E}.Debug|Any CPU.ActiveCfg = Debug|Any CPU
		{3CD0B089-6603-4837-8990-6473F3936D8E}.Debug|Any CPU.Build.0 = Debug|Any CPU
		{3CD0B089-6603-4837-8990-6473F3936D8E}.Release|Any CPU.ActiveCfg = Release|Any CPU
		{3CD0B089-6603-4837-8990-6473F3936D8E}.Release|Any CPU.Build.0 = Release|Any CPU
		{7F5203FF-B183-481F-B007-164422E178D2}.Debug|Any CPU.ActiveCfg = Debug|Any CPU
		{7F5203FF-B183-481F-B007-164422E178D2}.Debug|Any CPU.Build.0 = Debug|Any CPU
		{7F5203FF-B183-481F-B007-164422E178D2}.Release|Any CPU.ActiveCfg = Release|Any CPU
		{7F5203FF-B183-481F-B007-164422E178D2}.Release|Any CPU.Build.0 = Release|Any CPU
		{15EFBDBD-E344-4F64-8F06-BE65CF42BFC5}.Debug|Any CPU.ActiveCfg = Debug|Any CPU
		{15EFBDBD-E344-4F64-8F06-BE65CF42BFC5}.Debug|Any CPU.Build.0 = Debug|Any CPU
		{15EFBDBD-E344-4F64-8F06-BE65CF42BFC5}.Release|Any CPU.ActiveCfg = Release|Any CPU
		{15EFBDBD-E344-4F64-8F06-BE65CF42BFC5}.Release|Any CPU.Build.0 = Release|Any CPU
	EndGlobalSection
	GlobalSection(NestedProjects) = preSolution
		{F315E659-9A3C-45B2-8D88-F2288BD2CA8A} = {6AD3F1DA-F5B0-46A8-B0C5-41682CC93673}
		{DAE3FF00-8985-454D-804A-F8485A7459A0} = {E61B85C1-5721-4F92-8408-15B33DED3911}
		{6A74D127-48BD-4E53-8134-99C09246E5FF} = {E61B85C1-5721-4F92-8408-15B33DED3911}
		{78A08890-300D-4B0F-B58B-4913AE3CB7AA} = {E61B85C1-5721-4F92-8408-15B33DED3911}
		{DDFF330B-13CF-4CE1-96C2-1DF2851837D2} = {6AD3F1DA-F5B0-46A8-B0C5-41682CC93673}
		{AF8045C6-2290-4944-909B-2421C8620085} = {E61B85C1-5721-4F92-8408-15B33DED3911}
		{6AD3F1DA-F5B0-46A8-B0C5-41682CC93673} = {415C9A50-C728-46BF-BAA2-168766BD5A4F}
		{E61B85C1-5721-4F92-8408-15B33DED3911} = {415C9A50-C728-46BF-BAA2-168766BD5A4F}
		{E5BCCEA9-44C7-417A-AAF4-2B2C4F2DD62D} = {3EB78D12-E84E-454B-A22F-FAAEA73B8041}
		{A3254981-E43E-41F8-97B5-B5B3FA2332ED} = {E5BCCEA9-44C7-417A-AAF4-2B2C4F2DD62D}
		{C18C3757-9691-41AA-B00C-F3031F22A864} = {E5BCCEA9-44C7-417A-AAF4-2B2C4F2DD62D}
		{7F5203FF-B183-481F-B007-164422E178D2} = {E5BCCEA9-44C7-417A-AAF4-2B2C4F2DD62D}
		{15EFBDBD-E344-4F64-8F06-BE65CF42BFC5} = {E5BCCEA9-44C7-417A-AAF4-2B2C4F2DD62D}
	EndGlobalSection
EndGlobal
